# THIS IS AN AUTOGENERATED FILE. DO NOT EDIT THIS FILE DIRECTLY.
# yarn lockfile v1


"@babel/polyfill@^7.0.0":
  version "7.0.0"
  resolved "https://registry.yarnpkg.com/@babel/polyfill/-/polyfill-7.0.0.tgz#c8ff65c9ec3be6a1ba10113ebd40e8750fb90bff"
  dependencies:
    core-js "^2.5.7"
    regenerator-runtime "^0.11.1"

"@jimp/bmp@^0.5.4":
  version "0.5.4"
  resolved "https://registry.yarnpkg.com/@jimp/bmp/-/bmp-0.5.4.tgz#b7b375aa774f26154912569864d5466e71333ef1"
  dependencies:
    "@jimp/utils" "^0.5.0"
    bmp-js "^0.1.0"
    core-js "^2.5.7"

"@jimp/core@^0.5.4":
  version "0.5.4"
  resolved "https://registry.yarnpkg.com/@jimp/core/-/core-0.5.4.tgz#69d2d9eef1a6a9d62127171e2688cf21bc0ee77c"
  dependencies:
    "@jimp/utils" "^0.5.0"
    any-base "^1.1.0"
    buffer "^5.2.0"
    core-js "^2.5.7"
    exif-parser "^0.1.12"
    file-type "^9.0.0"
    load-bmfont "^1.3.1"
    mkdirp "0.5.1"
    phin "^2.9.1"
    pixelmatch "^4.0.2"
    tinycolor2 "^1.4.1"

"@jimp/custom@^0.5.4":
  version "0.5.4"
  resolved "https://registry.yarnpkg.com/@jimp/custom/-/custom-0.5.4.tgz#393338efbf15d158ecf6639cb1b196c70411fddd"
  dependencies:
    "@jimp/core" "^0.5.4"
    core-js "^2.5.7"

"@jimp/gif@^0.5.0":
  version "0.5.0"
  resolved "https://registry.yarnpkg.com/@jimp/gif/-/gif-0.5.0.tgz#7543870b3d744c9758da76ca43fac4ee48fd6a00"
  dependencies:
    "@jimp/utils" "^0.5.0"
    core-js "^2.5.7"
    omggif "^1.0.9"

"@jimp/jpeg@^0.5.4":
  version "0.5.4"
  resolved "https://registry.yarnpkg.com/@jimp/jpeg/-/jpeg-0.5.4.tgz#ff52669f801e9d82041ba6322ee781c344e75241"
  dependencies:
    "@jimp/utils" "^0.5.0"
    core-js "^2.5.7"
    jpeg-js "^0.3.4"

"@jimp/plugin-blit@^0.5.4":
  version "0.5.4"
  resolved "https://registry.yarnpkg.com/@jimp/plugin-blit/-/plugin-blit-0.5.4.tgz#8c4f46e00c0a4ca9d5c592713de7575528485e59"
  dependencies:
    "@jimp/utils" "^0.5.0"
    core-js "^2.5.7"

"@jimp/plugin-blur@^0.5.0":
  version "0.5.0"
  resolved "https://registry.yarnpkg.com/@jimp/plugin-blur/-/plugin-blur-0.5.0.tgz#c8222bdae8eb4cc86613c0adbcb26a92829739a2"
  dependencies:
    "@jimp/utils" "^0.5.0"
    core-js "^2.5.7"

"@jimp/plugin-color@^0.5.4":
  version "0.5.4"
  resolved "https://registry.yarnpkg.com/@jimp/plugin-color/-/plugin-color-0.5.4.tgz#a85b106533f832cf09da521f469fea0e5bd52872"
  dependencies:
    "@jimp/utils" "^0.5.0"
    core-js "^2.5.7"
    tinycolor2 "^1.4.1"

"@jimp/plugin-contain@^0.5.4":
  version "0.5.4"
  resolved "https://registry.yarnpkg.com/@jimp/plugin-contain/-/plugin-contain-0.5.4.tgz#1dc258db36d50e23400e0644b7f2694fd74fbf60"
  dependencies:
    "@jimp/utils" "^0.5.0"
    core-js "^2.5.7"

"@jimp/plugin-cover@^0.5.4":
  version "0.5.4"
  resolved "https://registry.yarnpkg.com/@jimp/plugin-cover/-/plugin-cover-0.5.4.tgz#a086243b151db9eef09e657fbe8bc3ef8683662e"
  dependencies:
    "@jimp/utils" "^0.5.0"
    core-js "^2.5.7"

"@jimp/plugin-crop@^0.5.4":
  version "0.5.4"
  resolved "https://registry.yarnpkg.com/@jimp/plugin-crop/-/plugin-crop-0.5.4.tgz#124cf52aa07e36c7a33f39e2e86e78166c300ca7"
  dependencies:
    "@jimp/utils" "^0.5.0"
    core-js "^2.5.7"

"@jimp/plugin-displace@^0.5.0":
  version "0.5.0"
  resolved "https://registry.yarnpkg.com/@jimp/plugin-displace/-/plugin-displace-0.5.0.tgz#cb75d8588bdee45c1bdb1bec2323705d0e53d060"
  dependencies:
    "@jimp/utils" "^0.5.0"
    core-js "^2.5.7"

"@jimp/plugin-dither@^0.5.0":
  version "0.5.0"
  resolved "https://registry.yarnpkg.com/@jimp/plugin-dither/-/plugin-dither-0.5.0.tgz#0f1f6b7dcd5aba8f908bbd4b60685fc29cc6a3ed"
  dependencies:
    "@jimp/utils" "^0.5.0"
    core-js "^2.5.7"

"@jimp/plugin-flip@^0.5.0":
  version "0.5.0"
  resolved "https://registry.yarnpkg.com/@jimp/plugin-flip/-/plugin-flip-0.5.0.tgz#4a973c9c4bdc6dbcc7da66204a2bb2b12feb9381"
  dependencies:
    "@jimp/utils" "^0.5.0"
    core-js "^2.5.7"

"@jimp/plugin-gaussian@^0.5.0":
  version "0.5.0"
  resolved "https://registry.yarnpkg.com/@jimp/plugin-gaussian/-/plugin-gaussian-0.5.0.tgz#02c9f07516108e01ba0f2938289b08e6e865c2c9"
  dependencies:
    "@jimp/utils" "^0.5.0"
    core-js "^2.5.7"

"@jimp/plugin-invert@^0.5.0":
  version "0.5.0"
  resolved "https://registry.yarnpkg.com/@jimp/plugin-invert/-/plugin-invert-0.5.0.tgz#4496d2d67ab498c8fa3e89c4b6dd5892e7f14b9b"
  dependencies:
    "@jimp/utils" "^0.5.0"
    core-js "^2.5.7"

"@jimp/plugin-mask@^0.5.4":
  version "0.5.4"
  resolved "https://registry.yarnpkg.com/@jimp/plugin-mask/-/plugin-mask-0.5.4.tgz#ac4c2625e328818da1443c92bcb9cabb537c74ba"
  dependencies:
    "@jimp/utils" "^0.5.0"
    core-js "^2.5.7"

"@jimp/plugin-normalize@^0.5.4":
  version "0.5.4"
  resolved "https://registry.yarnpkg.com/@jimp/plugin-normalize/-/plugin-normalize-0.5.4.tgz#d60aeb637bcaecadf654c9621e291d6eed12fa19"
  dependencies:
    "@jimp/utils" "^0.5.0"
    core-js "^2.5.7"

"@jimp/plugin-print@^0.5.4":
  version "0.5.4"
  resolved "https://registry.yarnpkg.com/@jimp/plugin-print/-/plugin-print-0.5.4.tgz#00524a7424a4e12a17764d349485dd1120a43728"
  dependencies:
    "@jimp/utils" "^0.5.0"
    core-js "^2.5.7"
    load-bmfont "^1.4.0"

"@jimp/plugin-resize@^0.5.4":
  version "0.5.4"
  resolved "https://registry.yarnpkg.com/@jimp/plugin-resize/-/plugin-resize-0.5.4.tgz#c9b2c4949ee080df3fa2ca587539e2ce8588b8af"
  dependencies:
    "@jimp/utils" "^0.5.0"
    core-js "^2.5.7"

"@jimp/plugin-rotate@^0.5.4":
  version "0.5.4"
  resolved "https://registry.yarnpkg.com/@jimp/plugin-rotate/-/plugin-rotate-0.5.4.tgz#6c4c560779bc3ebf291db9a5095158d32a2a4af3"
  dependencies:
    "@jimp/utils" "^0.5.0"
    core-js "^2.5.7"

"@jimp/plugin-scale@^0.5.0":
  version "0.5.0"
  resolved "https://registry.yarnpkg.com/@jimp/plugin-scale/-/plugin-scale-0.5.0.tgz#095f937e5a4887481b3074f5cd6a144d8f4f815e"
  dependencies:
    "@jimp/utils" "^0.5.0"
    core-js "^2.5.7"

"@jimp/plugins@^0.5.4":
  version "0.5.4"
  resolved "https://registry.yarnpkg.com/@jimp/plugins/-/plugins-0.5.4.tgz#03b73fdf021e9b46ad842782be079794d5f07ddb"
  dependencies:
    "@jimp/plugin-blit" "^0.5.4"
    "@jimp/plugin-blur" "^0.5.0"
    "@jimp/plugin-color" "^0.5.4"
    "@jimp/plugin-contain" "^0.5.4"
    "@jimp/plugin-cover" "^0.5.4"
    "@jimp/plugin-crop" "^0.5.4"
    "@jimp/plugin-displace" "^0.5.0"
    "@jimp/plugin-dither" "^0.5.0"
    "@jimp/plugin-flip" "^0.5.0"
    "@jimp/plugin-gaussian" "^0.5.0"
    "@jimp/plugin-invert" "^0.5.0"
    "@jimp/plugin-mask" "^0.5.4"
    "@jimp/plugin-normalize" "^0.5.4"
    "@jimp/plugin-print" "^0.5.4"
    "@jimp/plugin-resize" "^0.5.4"
    "@jimp/plugin-rotate" "^0.5.4"
    "@jimp/plugin-scale" "^0.5.0"
    core-js "^2.5.7"
    timm "^1.6.1"

"@jimp/png@^0.5.4":
  version "0.5.4"
  resolved "https://registry.yarnpkg.com/@jimp/png/-/png-0.5.4.tgz#4ed02435ab8ac219b618e9578dfd60626b3b5dd4"
  dependencies:
    "@jimp/utils" "^0.5.0"
    core-js "^2.5.7"
    pngjs "^3.3.3"

"@jimp/tiff@^0.5.4":
  version "0.5.4"
  resolved "https://registry.yarnpkg.com/@jimp/tiff/-/tiff-0.5.4.tgz#ce5370283eba390ff32b6fd86b9259d7cf3e2315"
  dependencies:
    core-js "^2.5.7"
    utif "^2.0.1"

"@jimp/types@^0.5.4":
  version "0.5.4"
  resolved "https://registry.yarnpkg.com/@jimp/types/-/types-0.5.4.tgz#c312e415ec9c4a35770e89b9eee424a96be60ab8"
  dependencies:
    "@jimp/bmp" "^0.5.4"
    "@jimp/gif" "^0.5.0"
    "@jimp/jpeg" "^0.5.4"
    "@jimp/png" "^0.5.4"
    "@jimp/tiff" "^0.5.4"
    core-js "^2.5.7"
    timm "^1.6.1"

"@jimp/utils@^0.5.0":
  version "0.5.0"
  resolved "https://registry.yarnpkg.com/@jimp/utils/-/utils-0.5.0.tgz#ecb33259c75238053d6c7706a3e91f657dbabf91"
  dependencies:
    core-js "^2.5.7"

agent-base@^4.1.0:
  version "4.2.1"
  resolved "https://registry.yarnpkg.com/agent-base/-/agent-base-4.2.1.tgz#d89e5999f797875674c07d87f260fc41e83e8ca9"
  dependencies:
    es6-promisify "^5.0.0"

ansi-styles@^3.2.1:
  version "3.2.1"
  resolved "https://registry.yarnpkg.com/ansi-styles/-/ansi-styles-3.2.1.tgz#41fbb20243e50b12be0f04b8dedbf07520ce841d"
  dependencies:
    color-convert "^1.9.0"

any-base@^1.1.0:
  version "1.1.0"
  resolved "https://registry.yarnpkg.com/any-base/-/any-base-1.1.0.tgz#ae101a62bc08a597b4c9ab5b7089d456630549fe"

async-limiter@~1.0.0:
  version "1.0.0"
  resolved "https://registry.yarnpkg.com/async-limiter/-/async-limiter-1.0.0.tgz#78faed8c3d074ab81f22b4e985d79e8738f720f8"

balanced-match@^1.0.0:
  version "1.0.0"
  resolved "https://registry.yarnpkg.com/balanced-match/-/balanced-match-1.0.0.tgz#89b4d199ab2bee49de164ea02b89ce462d71b767"

base64-js@^1.0.2:
  version "1.3.0"
  resolved "https://registry.yarnpkg.com/base64-js/-/base64-js-1.3.0.tgz#cab1e6118f051095e58b5281aea8c1cd22bfc0e3"

bmp-js@^0.1.0:
  version "0.1.0"
  resolved "https://registry.yarnpkg.com/bmp-js/-/bmp-js-0.1.0.tgz#e05a63f796a6c1ff25f4771ec7adadc148c07233"

brace-expansion@^1.1.7:
  version "1.1.11"
  resolved "https://registry.yarnpkg.com/brace-expansion/-/brace-expansion-1.1.11.tgz#3c7fcbf529d87226f3d2f52b966ff5271eb441dd"
  dependencies:
    balanced-match "^1.0.0"
    concat-map "0.0.1"

buffer-equal@0.0.1:
  version "0.0.1"
  resolved "https://registry.yarnpkg.com/buffer-equal/-/buffer-equal-0.0.1.tgz#91bc74b11ea405bc916bc6aa908faafa5b4aac4b"

buffer-from@^1.0.0:
  version "1.1.1"
  resolved "https://registry.yarnpkg.com/buffer-from/-/buffer-from-1.1.1.tgz#32713bc028f75c02fdb710d7c7bcec1f2c6070ef"

buffer@^5.2.0:
  version "5.2.1"
  resolved "https://registry.yarnpkg.com/buffer/-/buffer-5.2.1.tgz#dd57fa0f109ac59c602479044dca7b8b3d0b71d6"
  dependencies:
    base64-js "^1.0.2"
    ieee754 "^1.1.4"

chalk@^2.3.0:
  version "2.4.1"
  resolved "https://registry.yarnpkg.com/chalk/-/chalk-2.4.1.tgz#18c49ab16a037b6eb0152cc83e3471338215b66e"
  dependencies:
    ansi-styles "^3.2.1"
    escape-string-regexp "^1.0.5"
    supports-color "^5.3.0"

color-convert@^1.9.0:
  version "1.9.3"
  resolved "https://registry.yarnpkg.com/color-convert/-/color-convert-1.9.3.tgz#bb71850690e1f136567de629d2d5471deda4c1e8"
  dependencies:
    color-name "1.1.3"

color-name@1.1.3:
  version "1.1.3"
  resolved "https://registry.yarnpkg.com/color-name/-/color-name-1.1.3.tgz#a7d0558bd89c42f795dd42328f740831ca53bc25"

commander@^2.13.0:
  version "2.19.0"
  resolved "https://registry.yarnpkg.com/commander/-/commander-2.19.0.tgz#f6198aa84e5b83c46054b94ddedbfed5ee9ff12a"

concat-map@0.0.1:
  version "0.0.1"
  resolved "https://registry.yarnpkg.com/concat-map/-/concat-map-0.0.1.tgz#d8a96bd77fd68df7793a73036a3ba0d5405d477b"

concat-stream@1.6.2:
  version "1.6.2"
  resolved "https://registry.yarnpkg.com/concat-stream/-/concat-stream-1.6.2.tgz#904bdf194cd3122fc675c77fc4ac3d4ff0fd1a34"
  dependencies:
    buffer-from "^1.0.0"
    inherits "^2.0.3"
    readable-stream "^2.2.2"
    typedarray "^0.0.6"

convert-svg-core@^0.4.0:
  version "0.4.0"
  resolved "https://registry.yarnpkg.com/convert-svg-core/-/convert-svg-core-0.4.0.tgz#bca33af1a0a5f08b55da5ea5bc7b815a6f19f1fb"
  dependencies:
    chalk "^2.3.0"
    commander "^2.13.0"
    file-url "^2.0.2"
    get-stdin "^5.0.1"
    glob "^7.1.2"
    lodash.omit "^4.5.0"
    lodash.pick "^4.4.0"
    pollock "^0.1.0"
    puppeteer "^1.0.0"
    tmp "0.0.33"

convert-svg-to-png@^0.4.0:
  version "0.4.0"
  resolved "https://registry.yarnpkg.com/convert-svg-to-png/-/convert-svg-to-png-0.4.0.tgz#c76fe23f58a1f301d5eb2dcc4e3bb997ebd63a41"
  dependencies:
    convert-svg-core "^0.4.0"

core-js@^2.5.7:
  version "2.5.7"
  resolved "https://registry.yarnpkg.com/core-js/-/core-js-2.5.7.tgz#f972608ff0cead68b841a16a932d0b183791814e"

core-util-is@~1.0.0:
  version "1.0.2"
  resolved "https://registry.yarnpkg.com/core-util-is/-/core-util-is-1.0.2.tgz#b5fd54220aa2bc5ab57aab7140c940754503c1a7"

debug@2.6.9:
  version "2.6.9"
  resolved "https://registry.yarnpkg.com/debug/-/debug-2.6.9.tgz#5d128515df134ff327e90a4c93f4e077a536341f"
  dependencies:
    ms "2.0.0"

debug@^3.1.0:
  version "3.2.6"
  resolved "https://registry.yarnpkg.com/debug/-/debug-3.2.6.tgz#e83d17de16d8a7efb7717edbe5fb10135eee629b"
  dependencies:
    ms "^2.1.1"

dom-walk@^0.1.0:
  version "0.1.1"
  resolved "https://registry.yarnpkg.com/dom-walk/-/dom-walk-0.1.1.tgz#672226dc74c8f799ad35307df936aba11acd6018"

es6-promise@^4.0.3:
  version "4.2.5"
  resolved "https://registry.yarnpkg.com/es6-promise/-/es6-promise-4.2.5.tgz#da6d0d5692efb461e082c14817fe2427d8f5d054"

es6-promisify@^5.0.0:
  version "5.0.0"
  resolved "https://registry.yarnpkg.com/es6-promisify/-/es6-promisify-5.0.0.tgz#5109d62f3e56ea967c4b63505aef08291c8a5203"
  dependencies:
    es6-promise "^4.0.3"

escape-string-regexp@^1.0.5:
  version "1.0.5"
  resolved "https://registry.yarnpkg.com/escape-string-regexp/-/escape-string-regexp-1.0.5.tgz#1b61c0562190a8dff6ae3bb2cf0200ca130b86d4"

exif-parser@^0.1.12:
  version "0.1.12"
  resolved "https://registry.yarnpkg.com/exif-parser/-/exif-parser-0.1.12.tgz#58a9d2d72c02c1f6f02a0ef4a9166272b7760922"

extract-zip@^1.6.6:
  version "1.6.7"
  resolved "https://registry.yarnpkg.com/extract-zip/-/extract-zip-1.6.7.tgz#a840b4b8af6403264c8db57f4f1a74333ef81fe9"
  dependencies:
    concat-stream "1.6.2"
    debug "2.6.9"
    mkdirp "0.5.1"
    yauzl "2.4.1"

fd-slicer@~1.0.1:
  version "1.0.1"
  resolved "https://registry.yarnpkg.com/fd-slicer/-/fd-slicer-1.0.1.tgz#8b5bcbd9ec327c5041bf9ab023fd6750f1177e65"
  dependencies:
    pend "~1.2.0"

file-type@^9.0.0:
  version "9.0.0"
  resolved "https://registry.yarnpkg.com/file-type/-/file-type-9.0.0.tgz#a68d5ad07f486414dfb2c8866f73161946714a18"

file-url@^2.0.2:
  version "2.0.2"
  resolved "https://registry.yarnpkg.com/file-url/-/file-url-2.0.2.tgz#e951784d79095127d3713029ab063f40818ca2ae"

for-each@^0.3.2:
  version "0.3.3"
  resolved "https://registry.yarnpkg.com/for-each/-/for-each-0.3.3.tgz#69b447e88a0a5d32c3e7084f3f1710034b21376e"
  dependencies:
    is-callable "^1.1.3"

fs.realpath@^1.0.0:
  version "1.0.0"
  resolved "https://registry.yarnpkg.com/fs.realpath/-/fs.realpath-1.0.0.tgz#1504ad2523158caa40db4a2787cb01411994ea4f"

get-stdin@^5.0.1:
  version "5.0.1"
  resolved "https://registry.yarnpkg.com/get-stdin/-/get-stdin-5.0.1.tgz#122e161591e21ff4c52530305693f20e6393a398"

glob@^7.0.5, glob@^7.1.2:
  version "7.1.3"
  resolved "https://registry.yarnpkg.com/glob/-/glob-7.1.3.tgz#3960832d3f1574108342dafd3a67b332c0969df1"
  dependencies:
    fs.realpath "^1.0.0"
    inflight "^1.0.4"
    inherits "2"
    minimatch "^3.0.4"
    once "^1.3.0"
    path-is-absolute "^1.0.0"

global@~4.3.0:
  version "4.3.2"
  resolved "https://registry.yarnpkg.com/global/-/global-4.3.2.tgz#e76989268a6c74c38908b1305b10fc0e394e9d0f"
  dependencies:
    min-document "^2.19.0"
    process "~0.5.1"

has-flag@^3.0.0:
  version "3.0.0"
  resolved "https://registry.yarnpkg.com/has-flag/-/has-flag-3.0.0.tgz#b5d454dc2199ae225699f3467e5a07f3b955bafd"

https-proxy-agent@^2.2.1:
  version "2.2.1"
  resolved "https://registry.yarnpkg.com/https-proxy-agent/-/https-proxy-agent-2.2.1.tgz#51552970fa04d723e04c56d04178c3f92592bbc0"
  dependencies:
    agent-base "^4.1.0"
    debug "^3.1.0"

ieee754@^1.1.4:
  version "1.1.12"
  resolved "https://registry.yarnpkg.com/ieee754/-/ieee754-1.1.12.tgz#50bf24e5b9c8bb98af4964c941cdb0918da7b60b"

inflight@^1.0.4:
  version "1.0.6"
  resolved "https://registry.yarnpkg.com/inflight/-/inflight-1.0.6.tgz#49bd6331d7d02d0c09bc910a1075ba8165b56df9"
  dependencies:
    once "^1.3.0"
    wrappy "1"

inherits@2, inherits@^2.0.3, inherits@~2.0.3:
  version "2.0.3"
  resolved "https://registry.yarnpkg.com/inherits/-/inherits-2.0.3.tgz#633c2c83e3da42a502f52466022480f4208261de"

is-callable@^1.1.3:
  version "1.1.4"
  resolved "https://registry.yarnpkg.com/is-callable/-/is-callable-1.1.4.tgz#1e1adf219e1eeb684d691f9d6a05ff0d30a24d75"

is-function@^1.0.1:
  version "1.0.1"
  resolved "https://registry.yarnpkg.com/is-function/-/is-function-1.0.1.tgz#12cfb98b65b57dd3d193a3121f5f6e2f437602b5"

isarray@~1.0.0:
  version "1.0.0"
  resolved "https://registry.yarnpkg.com/isarray/-/isarray-1.0.0.tgz#bb935d48582cba168c06834957a54a3e07124f11"

jimp@^0.5.4:
  version "0.5.4"
  resolved "https://registry.yarnpkg.com/jimp/-/jimp-0.5.4.tgz#f0d32bf06f77f3af61f2830f18ab82a3df689c70"
  dependencies:
    "@babel/polyfill" "^7.0.0"
    "@jimp/custom" "^0.5.4"
    "@jimp/plugins" "^0.5.4"
    "@jimp/types" "^0.5.4"
    core-js "^2.5.7"

jpeg-js@^0.3.4:
  version "0.3.4"
  resolved "https://registry.yarnpkg.com/jpeg-js/-/jpeg-js-0.3.4.tgz#dc2ba501ee3d58b7bb893c5d1fab47294917e7e7"

load-bmfont@^1.3.1, load-bmfont@^1.4.0:
  version "1.4.0"
  resolved "https://registry.yarnpkg.com/load-bmfont/-/load-bmfont-1.4.0.tgz#75f17070b14a8c785fe7f5bee2e6fd4f98093b6b"
  dependencies:
    buffer-equal "0.0.1"
    mime "^1.3.4"
    parse-bmfont-ascii "^1.0.3"
    parse-bmfont-binary "^1.0.5"
    parse-bmfont-xml "^1.1.4"
    phin "^2.9.1"
    xhr "^2.0.1"
    xtend "^4.0.0"

lodash.omit@^4.5.0:
  version "4.5.0"
  resolved "https://registry.yarnpkg.com/lodash.omit/-/lodash.omit-4.5.0.tgz#6eb19ae5a1ee1dd9df0b969e66ce0b7fa30b5e60"

lodash.pick@^4.4.0:
  version "4.4.0"
  resolved "https://registry.yarnpkg.com/lodash.pick/-/lodash.pick-4.4.0.tgz#52f05610fff9ded422611441ed1fc123a03001b3"

lodash@^4.17.11:
  version "4.17.11"
  resolved "https://registry.yarnpkg.com/lodash/-/lodash-4.17.11.tgz#b39ea6229ef607ecd89e2c8df12536891cac9b8d"

mime@^1.3.4:
  version "1.6.0"
  resolved "https://registry.yarnpkg.com/mime/-/mime-1.6.0.tgz#32cd9e5c64553bd58d19a568af452acff04981b1"

mime@^2.0.3:
  version "2.3.1"
  resolved "https://registry.yarnpkg.com/mime/-/mime-2.3.1.tgz#b1621c54d63b97c47d3cfe7f7215f7d64517c369"

min-document@^2.19.0:
  version "2.19.0"
  resolved "https://registry.yarnpkg.com/min-document/-/min-document-2.19.0.tgz#7bd282e3f5842ed295bb748cdd9f1ffa2c824685"
  dependencies:
    dom-walk "^0.1.0"

minimatch@^3.0.4:
  version "3.0.4"
  resolved "https://registry.yarnpkg.com/minimatch/-/minimatch-3.0.4.tgz#5166e286457f03306064be5497e8dbb0c3d32083"
  dependencies:
    brace-expansion "^1.1.7"

minimist@0.0.8:
  version "0.0.8"
  resolved "http://registry.npmjs.org/minimist/-/minimist-0.0.8.tgz#857fcabfc3397d2625b8228262e86aa7a011b05d"

mkdirp@0.5.1:
  version "0.5.1"
  resolved "http://registry.npmjs.org/mkdirp/-/mkdirp-0.5.1.tgz#30057438eac6cf7f8c4767f38648d6697d75c903"
  dependencies:
    minimist "0.0.8"

ms@2.0.0:
  version "2.0.0"
  resolved "https://registry.yarnpkg.com/ms/-/ms-2.0.0.tgz#5608aeadfc00be6c2901df5f9861788de0d597c8"

ms@^2.1.1:
  version "2.1.1"
  resolved "https://registry.yarnpkg.com/ms/-/ms-2.1.1.tgz#30a5864eb3ebb0a66f2ebe6d727af06a09d86e0a"

omggif@^1.0.9:
  version "1.0.9"
  resolved "https://registry.yarnpkg.com/omggif/-/omggif-1.0.9.tgz#dcb7024dacd50c52b4d303f04802c91c057c765f"

once@^1.3.0:
  version "1.4.0"
  resolved "https://registry.yarnpkg.com/once/-/once-1.4.0.tgz#583b1aa775961d4b113ac17d9c50baef9dd76bd1"
  dependencies:
    wrappy "1"

os-tmpdir@~1.0.2:
  version "1.0.2"
  resolved "https://registry.yarnpkg.com/os-tmpdir/-/os-tmpdir-1.0.2.tgz#bbe67406c79aa85c5cfec766fe5734555dfa1274"

pako@^1.0.5:
  version "1.0.6"
  resolved "https://registry.yarnpkg.com/pako/-/pako-1.0.6.tgz#0101211baa70c4bca4a0f63f2206e97b7dfaf258"

parse-bmfont-ascii@^1.0.3:
  version "1.0.6"
  resolved "https://registry.yarnpkg.com/parse-bmfont-ascii/-/parse-bmfont-ascii-1.0.6.tgz#11ac3c3ff58f7c2020ab22769079108d4dfa0285"

parse-bmfont-binary@^1.0.5:
  version "1.0.6"
  resolved "https://registry.yarnpkg.com/parse-bmfont-binary/-/parse-bmfont-binary-1.0.6.tgz#d038b476d3e9dd9db1e11a0b0e53a22792b69006"

parse-bmfont-xml@^1.1.4:
  version "1.1.4"
  resolved "https://registry.yarnpkg.com/parse-bmfont-xml/-/parse-bmfont-xml-1.1.4.tgz#015319797e3e12f9e739c4d513872cd2fa35f389"
  dependencies:
    xml-parse-from-string "^1.0.0"
    xml2js "^0.4.5"

parse-headers@^2.0.0:
  version "2.0.1"
  resolved "https://registry.yarnpkg.com/parse-headers/-/parse-headers-2.0.1.tgz#6ae83a7aa25a9d9b700acc28698cd1f1ed7e9536"
  dependencies:
    for-each "^0.3.2"
    trim "0.0.1"

path-is-absolute@^1.0.0:
  version "1.0.1"
  resolved "https://registry.yarnpkg.com/path-is-absolute/-/path-is-absolute-1.0.1.tgz#174b9268735534ffbc7ace6bf53a5a9e1b5c5f5f"

pend@~1.2.0:
  version "1.2.0"
  resolved "https://registry.yarnpkg.com/pend/-/pend-1.2.0.tgz#7a57eb550a6783f9115331fcf4663d5c8e007a50"

phin@^2.9.1:
  version "2.9.2"
  resolved "https://registry.yarnpkg.com/phin/-/phin-2.9.2.tgz#0a82d5b6dd75552b665f371f8060689c1af7336e"

pixelmatch@^4.0.2:
  version "4.0.2"
  resolved "https://registry.yarnpkg.com/pixelmatch/-/pixelmatch-4.0.2.tgz#8f47dcec5011b477b67db03c243bc1f3085e8854"
  dependencies:
    pngjs "^3.0.0"

pngjs@^3.0.0, pngjs@^3.3.3:
  version "3.3.3"
  resolved "https://registry.yarnpkg.com/pngjs/-/pngjs-3.3.3.tgz#85173703bde3edac8998757b96e5821d0966a21b"

pollock@^0.1.0:
  version "0.1.0"
  resolved "https://registry.yarnpkg.com/pollock/-/pollock-0.1.0.tgz#24773f37eb4c9ed6d3e21800664136f3c0ea2971"

process-nextick-args@~2.0.0:
  version "2.0.0"
  resolved "https://registry.yarnpkg.com/process-nextick-args/-/process-nextick-args-2.0.0.tgz#a37d732f4271b4ab1ad070d35508e8290788ffaa"

process@~0.5.1:
  version "0.5.2"
  resolved "https://registry.yarnpkg.com/process/-/process-0.5.2.tgz#1638d8a8e34c2f440a91db95ab9aeb677fc185cf"

progress@^2.0.0:
  version "2.0.0"
  resolved "https://registry.yarnpkg.com/progress/-/progress-2.0.0.tgz#8a1be366bf8fc23db2bd23f10c6fe920b4389d1f"

proxy-from-env@^1.0.0:
  version "1.0.0"
  resolved "https://registry.yarnpkg.com/proxy-from-env/-/proxy-from-env-1.0.0.tgz#33c50398f70ea7eb96d21f7b817630a55791c7ee"

puppeteer@^1.0.0:
  version "1.9.0"
  resolved "https://registry.yarnpkg.com/puppeteer/-/puppeteer-1.9.0.tgz#56dba79e7ea4faac807877bee3b23d63291fc59e"
  dependencies:
    debug "^3.1.0"
    extract-zip "^1.6.6"
    https-proxy-agent "^2.2.1"
    mime "^2.0.3"
    progress "^2.0.0"
    proxy-from-env "^1.0.0"
    rimraf "^2.6.1"
    ws "^5.1.1"

readable-stream@^2.2.2:
  version "2.3.6"
  resolved "http://registry.npmjs.org/readable-stream/-/readable-stream-2.3.6.tgz#b11c27d88b8ff1fbe070643cf94b0c79ae1b0aaf"
  dependencies:
    core-util-is "~1.0.0"
    inherits "~2.0.3"
    isarray "~1.0.0"
    process-nextick-args "~2.0.0"
    safe-buffer "~5.1.1"
    string_decoder "~1.1.1"
    util-deprecate "~1.0.1"

regenerator-runtime@^0.11.1:
  version "0.11.1"
  resolved "https://registry.yarnpkg.com/regenerator-runtime/-/regenerator-runtime-0.11.1.tgz#be05ad7f9bf7d22e056f9726cee5017fbf19e2e9"

rimraf@^2.6.1:
  version "2.6.2"
  resolved "https://registry.yarnpkg.com/rimraf/-/rimraf-2.6.2.tgz#2ed8150d24a16ea8651e6d6ef0f47c4158ce7a36"
  dependencies:
    glob "^7.0.5"

safe-buffer@~5.1.0, safe-buffer@~5.1.1:
  version "5.1.2"
  resolved "https://registry.yarnpkg.com/safe-buffer/-/safe-buffer-5.1.2.tgz#991ec69d296e0313747d59bdfd2b745c35f8828d"

sax@>=0.6.0:
  version "1.2.4"
  resolved "https://registry.yarnpkg.com/sax/-/sax-1.2.4.tgz#2816234e2378bddc4e5354fab5caa895df7100d9"

string_decoder@~1.1.1:
  version "1.1.1"
  resolved "https://registry.yarnpkg.com/string_decoder/-/string_decoder-1.1.1.tgz#9cf1611ba62685d7030ae9e4ba34149c3af03fc8"
  dependencies:
    safe-buffer "~5.1.0"

supports-color@^5.3.0:
  version "5.5.0"
  resolved "https://registry.yarnpkg.com/supports-color/-/supports-color-5.5.0.tgz#e2e69a44ac8772f78a1ec0b35b689df6530efc8f"
  dependencies:
    has-flag "^3.0.0"

timm@^1.6.1:
  version "1.6.1"
  resolved "https://registry.yarnpkg.com/timm/-/timm-1.6.1.tgz#5f8aafc932248c76caf2c6af60542a32d3c30701"

tinycolor2@^1.4.1:
  version "1.4.1"
  resolved "https://registry.yarnpkg.com/tinycolor2/-/tinycolor2-1.4.1.tgz#f4fad333447bc0b07d4dc8e9209d8f39a8ac77e8"

tmp@0.0.33:
  version "0.0.33"
  resolved "https://registry.yarnpkg.com/tmp/-/tmp-0.0.33.tgz#6d34335889768d21b2bcda0aa277ced3b1bfadf9"
  dependencies:
    os-tmpdir "~1.0.2"

trim@0.0.1:
  version "0.0.1"
  resolved "https://registry.yarnpkg.com/trim/-/trim-0.0.1.tgz#5858547f6b290757ee95cccc666fb50084c460dd"

typedarray@^0.0.6:
  version "0.0.6"
  resolved "https://registry.yarnpkg.com/typedarray/-/typedarray-0.0.6.tgz#867ac74e3864187b1d3d47d996a78ec5c8830777"

utif@^2.0.1:
  version "2.0.1"
  resolved "https://registry.yarnpkg.com/utif/-/utif-2.0.1.tgz#9e1582d9bbd20011a6588548ed3266298e711759"
  dependencies:
    pako "^1.0.5"

util-deprecate@~1.0.1:
  version "1.0.2"
  resolved "https://registry.yarnpkg.com/util-deprecate/-/util-deprecate-1.0.2.tgz#450d4dc9fa70de732762fbd2d4a28981419a0ccf"

wrappy@1:
  version "1.0.2"
  resolved "https://registry.yarnpkg.com/wrappy/-/wrappy-1.0.2.tgz#b5243d8f3ec1aa35f1364605bc0d1036e30ab69f"

ws@^5.1.1:
  version "5.2.2"
  resolved "https://registry.yarnpkg.com/ws/-/ws-5.2.2.tgz#dffef14866b8e8dc9133582514d1befaf96e980f"
  dependencies:
    async-limiter "~1.0.0"

xhr@^2.0.1:
  version "2.5.0"
  resolved "https://registry.yarnpkg.com/xhr/-/xhr-2.5.0.tgz#bed8d1676d5ca36108667692b74b316c496e49dd"
  dependencies:
    global "~4.3.0"
    is-function "^1.0.1"
    parse-headers "^2.0.0"
    xtend "^4.0.0"

xml-parse-from-string@^1.0.0:
  version "1.0.1"
  resolved "https://registry.yarnpkg.com/xml-parse-from-string/-/xml-parse-from-string-1.0.1.tgz#a9029e929d3dbcded169f3c6e28238d95a5d5a28"

xml2js@^0.4.19, xml2js@^0.4.5:
  version "0.4.19"
  resolved "https://registry.yarnpkg.com/xml2js/-/xml2js-0.4.19.tgz#686c20f213209e94abf0d1bcf1efaa291c7827a7"
  dependencies:
    sax ">=0.6.0"
    xmlbuilder "~9.0.1"

xmlbuilder@~9.0.1:
  version "9.0.7"
  resolved "http://registry.npmjs.org/xmlbuilder/-/xmlbuilder-9.0.7.tgz#132ee63d2ec5565c557e20f4c22df9aca686b10d"

xtend@^4.0.0:
  version "4.0.1"
  resolved "https://registry.yarnpkg.com/xtend/-/xtend-4.0.1.tgz#a5c6d532be656e23db820efb943a1f04998d63af"

yauzl@2.4.1:
  version "2.4.1"
  resolved "https://registry.yarnpkg.com/yauzl/-/yauzl-2.4.1.tgz#9528f442dab1b2284e58b4379bb194e22e0c4005"
  dependencies:
    fd-slicer "~1.0.1"
